
Microsoft Visual Studio Solution File, Format Version 12.00
# Visual Studio 15
Project("{FAE04EC0-301F-11D3-BF4B-00C04F79EFBC}") = "UnityEngine.UI", "UnityEngine.UI.csproj", "{C8DA974E-1B47-BC8E-E6A8-7BF55A8B1A61}"
EndProject
Project("{FAE04EC0-301F-11D3-BF4B-00C04F79EFBC}") = "Assembly-CSharp", "Assembly-CSharp.csproj", "{12F44184-A422-5F27-22E6-507969043F15}"
EndProject
Project("{FAE04EC0-301F-11D3-BF4B-00C04F79EFBC}") = "UnityEngine.UI.Tests", "UnityEngine.UI.Tests.csproj", "{0FC402ED-E14D-5FEF-50DF-8B1AE2187ABD}"
EndProject
Project("{FAE04EC0-301F-11D3-BF4B-00C04F79EFBC}") = "AndroidRuntimePermissions.Runtime", "AndroidRuntimePermissions.Runtime.csproj", "{8788DD0E-3E4F-773A-7CB4-C0CA8AB50490}"
EndProject
Project("{FAE04EC0-301F-11D3-BF4B-00C04F79EFBC}") = "Sirenix.OdinInspector.CompatibilityLayer", "Sirenix.OdinInspector.CompatibilityLayer.csproj", "{1B5A91F9-EE8F-5A54-BE3E-0BED3E51CF02}"
EndProject
Project("{FAE04EC0-301F-11D3-BF4B-00C04F79EFBC}") = "Assembly-CSharp-firstpass", "Assembly-CSharp-firstpass.csproj", "{079D398E-4AFC-CD7E-7881-F923D075EBD1}"
EndProject
Project("{FAE04EC0-301F-11D3-BF4B-00C04F79EFBC}") = "Assembly-CSharp-Editor-firstpass", "Assembly-CSharp-Editor-firstpass.csproj", "{2292066C-03A4-5733-4636-43653C20A180}"
EndProject
Project("{FAE04EC0-301F-11D3-BF4B-00C04F79EFBC}") = "Assembly-CSharp-Editor", "Assembly-CSharp-Editor.csproj", "{5544F79C-5306-909F-C855-53D6959D5DFD}"
EndProject
Project("{FAE04EC0-301F-11D3-BF4B-00C04F79EFBC}") = "Sirenix.OdinInspector.CompatibilityLayer.Editor", "Sirenix.OdinInspector.CompatibilityLayer.Editor.csproj", "{1E7CBD68-6530-767E-511A-7F84C9C91529}"
EndProject
Project("{FAE04EC0-301F-11D3-BF4B-00C04F79EFBC}") = "UnityEditor.UI.EditorTests", "UnityEditor.UI.EditorTests.csproj", "{6F297391-E2C1-2A63-38FC-5C86AD91008C}"
EndProject
Project("{FAE04EC0-301F-11D3-BF4B-00C04F79EFBC}") = "UnityEditor.UI", "UnityEditor.UI.csproj", "{3AA710AA-B60F-C507-FCCE-BC576A35745B}"
EndProject
Project("{FAE04EC0-301F-11D3-BF4B-00C04F79EFBC}") = "Sirenix.OdinInspector.Modules.UnityMathematics", "Sirenix.OdinInspector.Modules.UnityMathematics.csproj", "{35931AAE-151F-F6A1-38E2-06A13F57759F}"
EndProject
Global
	GlobalSection(SolutionConfigurationPlatforms) = preSolution
		Debug|Any CPU = Debug|Any CPU
		Release|Any CPU = Release|Any CPU
	EndGlobalSection
	GlobalSection(ProjectConfigurationPlatforms) = postSolution
		{C8DA974E-1B47-BC8E-E6A8-7BF55A8B1A61}.Debug|Any CPU.ActiveCfg = Debug|Any CPU
		{C8DA974E-1B47-BC8E-E6A8-7BF55A8B1A61}.Debug|Any CPU.Build.0 = Debug|Any CPU
		{C8DA974E-1B47-BC8E-E6A8-7BF55A8B1A61}.Release|Any CPU.ActiveCfg = Release|Any CPU
		{C8DA974E-1B47-BC8E-E6A8-7BF55A8B1A61}.Release|Any CPU.Build.0 = Release|Any CPU
		{12F44184-A422-5F27-22E6-507969043F15}.Debug|Any CPU.ActiveCfg = Debug|Any CPU
		{12F44184-A422-5F27-22E6-507969043F15}.Debug|Any CPU.Build.0 = Debug|Any CPU
		{12F44184-A422-5F27-22E6-507969043F15}.Release|Any CPU.ActiveCfg = Release|Any CPU
		{12F44184-A422-5F27-22E6-507969043F15}.Release|Any CPU.Build.0 = Release|Any CPU
		{0FC402ED-E14D-5FEF-50DF-8B1AE2187ABD}.Debug|Any CPU.ActiveCfg = Debug|Any CPU
		{0FC402ED-E14D-5FEF-50DF-8B1AE2187ABD}.Debug|Any CPU.Build.0 = Debug|Any CPU
		{0FC402ED-E14D-5FEF-50DF-8B1AE2187ABD}.Release|Any CPU.ActiveCfg = Release|Any CPU
		{0FC402ED-E14D-5FEF-50DF-8B1AE2187ABD}.Release|Any CPU.Build.0 = Release|Any CPU
		{8788DD0E-3E4F-773A-7CB4-C0CA8AB50490}.Debug|Any CPU.ActiveCfg = Debug|Any CPU
		{8788DD0E-3E4F-773A-7CB4-C0CA8AB50490}.Debug|Any CPU.Build.0 = Debug|Any CPU
		{8788DD0E-3E4F-773A-7CB4-C0CA8AB50490}.Release|Any CPU.ActiveCfg = Release|Any CPU
		{8788DD0E-3E4F-773A-7CB4-C0CA8AB50490}.Release|Any CPU.Build.0 = Release|Any CPU
		{1B5A91F9-EE8F-5A54-BE3E-0BED3E51CF02}.Debug|Any CPU.ActiveCfg = Debug|Any CPU
		{1B5A91F9-EE8F-5A54-BE3E-0BED3E51CF02}.Debug|Any CPU.Build.0 = Debug|Any CPU
		{1B5A91F9-EE8F-5A54-BE3E-0BED3E51CF02}.Release|Any CPU.ActiveCfg = Release|Any CPU
		{1B5A91F9-EE8F-5A54-BE3E-0BED3E51CF02}.Release|Any CPU.Build.0 = Release|Any CPU
		{079D398E-4AFC-CD7E-7881-F923D075EBD1}.Debug|Any CPU.ActiveCfg = Debug|Any CPU
		{079D398E-4AFC-CD7E-7881-F923D075EBD1}.Debug|Any CPU.Build.0 = Debug|Any CPU
		{079D398E-4AFC-CD7E-7881-F923D075EBD1}.Release|Any CPU.ActiveCfg = Release|Any CPU
		{079D398E-4AFC-CD7E-7881-F923D075EBD1}.Release|Any CPU.Build.0 = Release|Any CPU
		{2292066C-03A4-5733-4636-43653C20A180}.Debug|Any CPU.ActiveCfg = Debug|Any CPU
		{2292066C-03A4-5733-4636-43653C20A180}.Debug|Any CPU.Build.0 = Debug|Any CPU
		{2292066C-03A4-5733-4636-43653C20A180}.Release|Any CPU.ActiveCfg = Release|Any CPU
		{2292066C-03A4-5733-4636-43653C20A180}.Release|Any CPU.Build.0 = Release|Any CPU
		{5544F79C-5306-909F-C855-53D6959D5DFD}.Debug|Any CPU.ActiveCfg = Debug|Any CPU
		{5544F79C-5306-909F-C855-53D6959D5DFD}.Debug|Any CPU.Build.0 = Debug|Any CPU
		{5544F79C-5306-909F-C855-53D6959D5DFD}.Release|Any CPU.ActiveCfg = Release|Any CPU
		{5544F79C-5306-909F-C855-53D6959D5DFD}.Release|Any CPU.Build.0 = Release|Any CPU
		{1E7CBD68-6530-767E-511A-7F84C9C91529}.Debug|Any CPU.ActiveCfg = Debug|Any CPU
		{1E7CBD68-6530-767E-511A-7F84C9C91529}.Debug|Any CPU.Build.0 = Debug|Any CPU
		{1E7CBD68-6530-767E-511A-7F84C9C91529}.Release|Any CPU.ActiveCfg = Release|Any CPU
		{1E7CBD68-6530-767E-511A-7F84C9C91529}.Release|Any CPU.Build.0 = Release|Any CPU
		{6F297391-E2C1-2A63-38FC-5C86AD91008C}.Debug|Any CPU.ActiveCfg = Debug|Any CPU
		{6F297391-E2C1-2A63-38FC-5C86AD91008C}.Debug|Any CPU.Build.0 = Debug|Any CPU
		{6F297391-E2C1-2A63-38FC-5C86AD91008C}.Release|Any CPU.ActiveCfg = Release|Any CPU
		{6F297391-E2C1-2A63-38FC-5C86AD91008C}.Release|Any CPU.Build.0 = Release|Any CPU
		{3AA710AA-B60F-C507-FCCE-BC576A35745B}.Debug|Any CPU.ActiveCfg = Debug|Any CPU
		{3AA710AA-B60F-C507-FCCE-BC576A35745B}.Debug|Any CPU.Build.0 = Debug|Any CPU
		{3AA710AA-B60F-C507-FCCE-BC576A35745B}.Release|Any CPU.ActiveCfg = Release|Any CPU
		{3AA710AA-B60F-C507-FCCE-BC576A35745B}.Release|Any CPU.Build.0 = Release|Any CPU
		{35931AAE-151F-F6A1-38E2-06A13F57759F}.Debug|Any CPU.ActiveCfg = Debug|Any CPU
		{35931AAE-151F-F6A1-38E2-06A13F57759F}.Debug|Any CPU.Build.0 = Debug|Any CPU
		{35931AAE-151F-F6A1-38E2-06A13F57759F}.Release|Any CPU.ActiveCfg = Release|Any CPU
		{35931AAE-151F-F6A1-38E2-06A13F57759F}.Release|Any CPU.Build.0 = Release|Any CPU
	EndGlobalSection
	GlobalSection(SolutionProperties) = preSolution
		HideSolutionNode = FALSE
	EndGlobalSection
EndGlobal
