
Microsoft Visual Studio Solution File, Format Version 12.00
# Visual Studio Version 17
VisualStudioVersion = 17.1.32210.238
MinimumVisualStudioVersion = 10.0.40219.1
Project("{9A19103F-16F7-4668-BE54-9A1E7A4F7556}") = "Litframework.ExcelTool", "Litframework.ExcelTool.csproj", "{77AA3CA5-B850-4CC8-9A61-755DAE190F83}"
EndProject
Global
	GlobalSection(SolutionConfigurationPlatforms) = preSolution
		Debug|Any CPU = Debug|Any CPU
		Release|Any CPU = Release|Any CPU
	EndGlobalSection
	GlobalSection(ProjectConfigurationPlatforms) = postSolution
		{77AA3CA5-B850-4CC8-9A61-755DAE190F83}.Debug|Any CPU.ActiveCfg = Debug|Any CPU
		{77AA3CA5-B850-4CC8-9A61-755DAE190F83}.Debug|Any CPU.Build.0 = Debug|Any CPU
		{77AA3CA5-B850-4CC8-9A61-755DAE190F83}.Release|Any CPU.ActiveCfg = Release|Any CPU
		{77AA3CA5-B850-4CC8-9A61-755DAE190F83}.Release|Any CPU.Build.0 = Release|Any CPU
	EndGlobalSection
	GlobalSection(SolutionProperties) = preSolution
		HideSolutionNode = FALSE
	EndGlobalSection
	GlobalSection(ExtensibilityGlobals) = postSolution
		SolutionGuid = {E127BB5A-3B0D-4EBC-A21D-BF090D0E0E50}
	EndGlobalSection
EndGlobal
