
Microsoft Visual Studio Solution File, Format Version 12.00
# Visual Studio 15
Project("{FAE04EC0-301F-11D3-BF4B-00C04F79EFBC}") = "UnityEngine.UI", "UnityEngine.UI.csproj", "{989BF884-D34E-C3BC-3D64-55A3542A0694}"
EndProject
Project("{FAE04EC0-301F-11D3-BF4B-00C04F79EFBC}") = "Assembly-CSharp", "Assembly-CSharp.csproj", "{AEF3E6AA-D568-DF73-B7F7-A2492F38B1FE}"
EndProject
Project("{FAE04EC0-301F-11D3-BF4B-00C04F79EFBC}") = "UnityEngine.UI.Tests", "UnityEngine.UI.Tests.csproj", "{ABFE6131-9751-8145-C67A-76A673887AEB}"
EndProject
Project("{FAE04EC0-301F-11D3-BF4B-00C04F79EFBC}") = "AndroidRuntimePermissions.Runtime", "AndroidRuntimePermissions.Runtime.csproj", "{4365D1EF-19D3-25BA-A95A-6481CF4ACF51}"
EndProject
Project("{FAE04EC0-301F-11D3-BF4B-00C04F79EFBC}") = "Assembly-CSharp-firstpass", "Assembly-CSharp-firstpass.csproj", "{661286C2-FB4A-B847-8631-728DBA12004D}"
EndProject
Project("{FAE04EC0-301F-11D3-BF4B-00C04F79EFBC}") = "Assembly-CSharp-Editor-firstpass", "Assembly-CSharp-Editor-firstpass.csproj", "{09EEA694-1447-1DD1-F055-BC8449FA3329}"
EndProject
Project("{FAE04EC0-301F-11D3-BF4B-00C04F79EFBC}") = "Assembly-CSharp-Editor", "Assembly-CSharp-Editor.csproj", "{C1E285CA-437D-53EB-B20E-4E929152C985}"
EndProject
Project("{FAE04EC0-301F-11D3-BF4B-00C04F79EFBC}") = "Sirenix.OdinInspector.CompatibilityLayer.Editor", "Sirenix.OdinInspector.CompatibilityLayer.Editor.csproj", "{CC6A5316-58A8-B5DE-BD1D-920F2648DE22}"
EndProject
Project("{FAE04EC0-301F-11D3-BF4B-00C04F79EFBC}") = "UnityEditor.UI.EditorTests", "UnityEditor.UI.EditorTests.csproj", "{BC94D081-D18E-54A9-1310-352B0D650B76}"
EndProject
Project("{FAE04EC0-301F-11D3-BF4B-00C04F79EFBC}") = "UnityEditor.UI", "UnityEditor.UI.csproj", "{BFB03440-9B1D-F7BC-E100-17153008CA4E}"
EndProject
Project("{FAE04EC0-301F-11D3-BF4B-00C04F79EFBC}") = "Sirenix.OdinInspector.Modules.UnityMathematics", "Sirenix.OdinInspector.Modules.UnityMathematics.csproj", "{F88D9431-474D-1335-EC08-6A6394E73749}"
EndProject
Global
	GlobalSection(SolutionConfigurationPlatforms) = preSolution
		Debug|Any CPU = Debug|Any CPU
		Release|Any CPU = Release|Any CPU
	EndGlobalSection
	GlobalSection(ProjectConfigurationPlatforms) = postSolution
		{989BF884-D34E-C3BC-3D64-55A3542A0694}.Debug|Any CPU.ActiveCfg = Debug|Any CPU
		{989BF884-D34E-C3BC-3D64-55A3542A0694}.Debug|Any CPU.Build.0 = Debug|Any CPU
		{989BF884-D34E-C3BC-3D64-55A3542A0694}.Release|Any CPU.ActiveCfg = Release|Any CPU
		{989BF884-D34E-C3BC-3D64-55A3542A0694}.Release|Any CPU.Build.0 = Release|Any CPU
		{AEF3E6AA-D568-DF73-B7F7-A2492F38B1FE}.Debug|Any CPU.ActiveCfg = Debug|Any CPU
		{AEF3E6AA-D568-DF73-B7F7-A2492F38B1FE}.Debug|Any CPU.Build.0 = Debug|Any CPU
		{AEF3E6AA-D568-DF73-B7F7-A2492F38B1FE}.Release|Any CPU.ActiveCfg = Release|Any CPU
		{AEF3E6AA-D568-DF73-B7F7-A2492F38B1FE}.Release|Any CPU.Build.0 = Release|Any CPU
		{ABFE6131-9751-8145-C67A-76A673887AEB}.Debug|Any CPU.ActiveCfg = Debug|Any CPU
		{ABFE6131-9751-8145-C67A-76A673887AEB}.Debug|Any CPU.Build.0 = Debug|Any CPU
		{ABFE6131-9751-8145-C67A-76A673887AEB}.Release|Any CPU.ActiveCfg = Release|Any CPU
		{ABFE6131-9751-8145-C67A-76A673887AEB}.Release|Any CPU.Build.0 = Release|Any CPU
		{4365D1EF-19D3-25BA-A95A-6481CF4ACF51}.Debug|Any CPU.ActiveCfg = Debug|Any CPU
		{4365D1EF-19D3-25BA-A95A-6481CF4ACF51}.Debug|Any CPU.Build.0 = Debug|Any CPU
		{4365D1EF-19D3-25BA-A95A-6481CF4ACF51}.Release|Any CPU.ActiveCfg = Release|Any CPU
		{4365D1EF-19D3-25BA-A95A-6481CF4ACF51}.Release|Any CPU.Build.0 = Release|Any CPU
		{661286C2-FB4A-B847-8631-728DBA12004D}.Debug|Any CPU.ActiveCfg = Debug|Any CPU
		{661286C2-FB4A-B847-8631-728DBA12004D}.Debug|Any CPU.Build.0 = Debug|Any CPU
		{661286C2-FB4A-B847-8631-728DBA12004D}.Release|Any CPU.ActiveCfg = Release|Any CPU
		{661286C2-FB4A-B847-8631-728DBA12004D}.Release|Any CPU.Build.0 = Release|Any CPU
		{09EEA694-1447-1DD1-F055-BC8449FA3329}.Debug|Any CPU.ActiveCfg = Debug|Any CPU
		{09EEA694-1447-1DD1-F055-BC8449FA3329}.Debug|Any CPU.Build.0 = Debug|Any CPU
		{09EEA694-1447-1DD1-F055-BC8449FA3329}.Release|Any CPU.ActiveCfg = Release|Any CPU
		{09EEA694-1447-1DD1-F055-BC8449FA3329}.Release|Any CPU.Build.0 = Release|Any CPU
		{C1E285CA-437D-53EB-B20E-4E929152C985}.Debug|Any CPU.ActiveCfg = Debug|Any CPU
		{C1E285CA-437D-53EB-B20E-4E929152C985}.Debug|Any CPU.Build.0 = Debug|Any CPU
		{C1E285CA-437D-53EB-B20E-4E929152C985}.Release|Any CPU.ActiveCfg = Release|Any CPU
		{C1E285CA-437D-53EB-B20E-4E929152C985}.Release|Any CPU.Build.0 = Release|Any CPU
		{CC6A5316-58A8-B5DE-BD1D-920F2648DE22}.Debug|Any CPU.ActiveCfg = Debug|Any CPU
		{CC6A5316-58A8-B5DE-BD1D-920F2648DE22}.Debug|Any CPU.Build.0 = Debug|Any CPU
		{CC6A5316-58A8-B5DE-BD1D-920F2648DE22}.Release|Any CPU.ActiveCfg = Release|Any CPU
		{CC6A5316-58A8-B5DE-BD1D-920F2648DE22}.Release|Any CPU.Build.0 = Release|Any CPU
		{BC94D081-D18E-54A9-1310-352B0D650B76}.Debug|Any CPU.ActiveCfg = Debug|Any CPU
		{BC94D081-D18E-54A9-1310-352B0D650B76}.Debug|Any CPU.Build.0 = Debug|Any CPU
		{BC94D081-D18E-54A9-1310-352B0D650B76}.Release|Any CPU.ActiveCfg = Release|Any CPU
		{BC94D081-D18E-54A9-1310-352B0D650B76}.Release|Any CPU.Build.0 = Release|Any CPU
		{BFB03440-9B1D-F7BC-E100-17153008CA4E}.Debug|Any CPU.ActiveCfg = Debug|Any CPU
		{BFB03440-9B1D-F7BC-E100-17153008CA4E}.Debug|Any CPU.Build.0 = Debug|Any CPU
		{BFB03440-9B1D-F7BC-E100-17153008CA4E}.Release|Any CPU.ActiveCfg = Release|Any CPU
		{BFB03440-9B1D-F7BC-E100-17153008CA4E}.Release|Any CPU.Build.0 = Release|Any CPU
		{F88D9431-474D-1335-EC08-6A6394E73749}.Debug|Any CPU.ActiveCfg = Debug|Any CPU
		{F88D9431-474D-1335-EC08-6A6394E73749}.Debug|Any CPU.Build.0 = Debug|Any CPU
		{F88D9431-474D-1335-EC08-6A6394E73749}.Release|Any CPU.ActiveCfg = Release|Any CPU
		{F88D9431-474D-1335-EC08-6A6394E73749}.Release|Any CPU.Build.0 = Release|Any CPU
	EndGlobalSection
	GlobalSection(SolutionProperties) = preSolution
		HideSolutionNode = FALSE
	EndGlobalSection
EndGlobal
