
Microsoft Visual Studio Solution File, Format Version 12.00
# Visual Studio 15
VisualStudioVersion = 15.0.27004.2009
MinimumVisualStudioVersion = 10.0.40219.1
Project("{FAE04EC0-301F-11D3-BF4B-00C04F79EFBC}") = "LitFramework", "LTool\LitFramework.csproj", "{CA4FBEDF-BEAE-4FCD-B0D3-CEB94D3C595D}"
EndProject
Global
	GlobalSection(SolutionConfigurationPlatforms) = preSolution
		Debug|Any CPU = Debug|Any CPU
		Output|Any CPU = Output|Any CPU
		Release|Any CPU = Release|Any CPU
	EndGlobalSection
	GlobalSection(ProjectConfigurationPlatforms) = postSolution
		{CA4FBEDF-BEAE-4FCD-B0D3-CEB94D3C595D}.Debug|Any CPU.ActiveCfg = Debug|Any CPU
		{CA4FBEDF-BEAE-4FCD-B0D3-CEB94D3C595D}.Debug|Any CPU.Build.0 = Debug|Any CPU
		{CA4FBEDF-BEAE-4FCD-B0D3-CEB94D3C595D}.Output|Any CPU.ActiveCfg = Output|Any CPU
		{CA4FBEDF-BEAE-4FCD-B0D3-CEB94D3C595D}.Output|Any CPU.Build.0 = Output|Any CPU
		{CA4FBEDF-BEAE-4FCD-B0D3-CEB94D3C595D}.Release|Any CPU.ActiveCfg = Release|Any CPU
		{CA4FBEDF-BEAE-4FCD-B0D3-CEB94D3C595D}.Release|Any CPU.Build.0 = Release|Any CPU
	EndGlobalSection
	GlobalSection(SolutionProperties) = preSolution
		HideSolutionNode = FALSE
	EndGlobalSection
	GlobalSection(ExtensibilityGlobals) = postSolution
		SolutionGuid = {F20DEFA0-82C6-4808-950B-C2193C7BBF60}
	EndGlobalSection
EndGlobal
